{
  "version": 4,
  "terraform_version": "1.0.5",
  "serial": 33,
  "lineage": "3b4e0a84-b1e7-0962-1068-69c0906173fe",
  "outputs": {},
  "resources": [
    {
      "mode": "managed",
      "type": "aws_iam_user",
      "name": "bob",
      "provider": "provider[\"registry.terraform.io/hashicorp/aws\"]",
      "instances": [
        {
          "schema_version": 0,
          "attributes": {
            "arn": "arn:aws:iam::581092493003:user/bob",
            "force_destroy": false,
            "id": "bob",
            "name": "bob",
            "path": "/",
            "permissions_boundary": null,
            "tags": {},
            "tags_all": {},
            "unique_id": "AIDAYOS6PY3FTOWR4JTDB"
          },
          "sensitive_attributes": [],
          "private": "bnVsbA=="
        }
      ]
    }
  ]
}
